substitutions:
  name: "groclock-v2"
  friendly_name: "Groclock V2"
  
  star_icon: "\U000F04D2"
  sun_icon: "\U000F0599"
  moon_icon: "\U000F0594"

  lcd_font: "https://github.com/domgrimm/esphome-groclock/raw/refs/heads/main/resources/LCD.ttf"
  sun_image: "https://github.com/domgrimm/esphome-groclock/raw/refs/heads/main/resources/sun.png"
  star_image: "https://github.com/domgrimm/esphome-groclock/raw/refs/heads/main/resources/star.png"

  sun_background_color: "FFCE2B"
  sleep_background_color: "5DC5FC"

packages:
  tz: github://domgrimm/esphome-groclock/resources/tz.yaml@main

# API for Home Assistant integration
api:

# OTA updates
ota:
  - platform: esphome 

esphome:
  name: "${name}"
  friendly_name: "${friendly_name}"
  name_add_mac_suffix: true
  platformio_options:
    board_build.flash_mode: dio
  on_boot:
    - script.execute: show_startup

# ESP32 Platform Configuration
esp32:
  board: esp32-s3-devkitc-1
  variant: esp32s3
  flash_size: 16MB
  framework:
    type: esp-idf
    sdkconfig_options:
      COMPILER_OPTIMIZATION_SIZE: y
      CONFIG_ESP32S3_DEFAULT_CPU_FREQ_240: "y"
      CONFIG_ESP32S3_DATA_CACHE_64KB: "y"
      CONFIG_ESP32S3_DATA_CACHE_LINE_64B: "y"
      CONFIG_SPIRAM_FETCH_INSTRUCTIONS: y
      CONFIG_SPIRAM_RODATA: y
      CONFIG_ESP32S3_SPIRAM_SUPPORT: "y"
      CONFIG_SPIRAM_MODE_OCT: "y"
      CONFIG_SPIRAM_SPEED_80M: "y"

psram:
  mode: octal
  speed: 80MHz

logger:
  level: INFO

# WiFi Configuration
wifi:
  networks:
    - ssid: !secret wifi_ssid
      password: !secret wifi_password
      priority: 1
  ap:
    ssid: "${name} Fallback"
    ap_timeout: 30s
  reboot_timeout: 60s
  power_save_mode: NONE

captive_portal:

web_server:
  version: 3
  log: True
  sorting_groups:
    - id: time_group
      name: "Time Settings"
      sorting_weight: 2
    - id: brightness_group
      name: "Brightness Controls"
      sorting_weight: 3
    - id: diag_group
      name: "Diagnostics"
      sorting_weight: 60

# --- Images ---
image:
  - file: ${sun_image}
    id: sun_image
    type: RGB565
    transparency: alpha_channel
  - file: ${star_image}
    id: star_image
    type: RGB565
    transparency: alpha_channel

# --- Fonts ---
font:
  - file: "fonts/materialdesignicons-webfont.ttf"
    id: small_stars_font
    size: 70
    glyphs: ["${star_icon}"]
  - file: ${lcd_font}
    id: lcd_time_font
    size: 60
    glyphs: "0123456789:-./abcdefghijklmnopqrstuvwxyzABCDEFGHIJKLMNOPQRSTUVWXYZ "
  - file: ${lcd_font}
    id: lcd_time_font_small
    size: 30
    glyphs: "0123456789:-./abcdefghijklmnopqrstuvwxyzABCDEFGHIJKLMNOPQRSTUVWXYZ "

# --- Globals ---
globals:
  - id: star_visible
    type: std::array<bool, 12>
  - id: timer_running
    type: bool
    initial_value: 'false'
  - id: timer_start_time
    type: unsigned int
    initial_value: '0'
  - id: timer_wake_time
    type: unsigned int
    initial_value: '0'
  - id: total_duration_sec
    type: unsigned int
    initial_value: '0'
  - id: last_sections_passed
    type: int
    initial_value: '-1'
  - id: wake_screen_start_time
    type: unsigned int
    initial_value: '0'
  - id: screen_off_timer_active
    type: bool
    initial_value: 'false'
  - id: saved_posix_tz
    type: std::string
    restore_value: True
  - id: last_tap_time
    type: unsigned long
    initial_value: '0'
  - id: tap_count
    type: int
    initial_value: '0'
  - id: backlight_off
    type: bool
    initial_value: 'false'
  - id: current_page
    type: std::string
    initial_value: '"sun_page"'
  - id: ip_display_active
    type: bool
    initial_value: 'false'
  - id: ip_display_start_time
    type: unsigned long
    initial_value: '0'
  - id: startup_phase
    type: std::string
    initial_value: '"initializing"'
  - id: init_dots_count
    type: int
    initial_value: '0'
  - id: last_dot_update
    type: unsigned long
    initial_value: '0'
  - id: startup_time
    type: unsigned long
    initial_value: '0'

# --- I2C & Touchscreen ---
i2c:
  - id: bus_a
    sda: GPIO19
    scl: GPIO45
    #frequency: 100kHz



touchscreen:
  platform: gt911
  transform:
    mirror_x: false
    mirror_y: false
  id: my_touchscreen
  display: screen
  on_touch:
    - logger.log:
        format: Touch at (%d, %d)
        args: [touch.x, touch.y]
    - lambda: |-
        // Only allow double-tap on wake screen (sun page)
        if (id(current_page) != "sun_page") {
          return;
        }
        
        auto now = millis();
        if (now - id(last_tap_time) < 500) {
          // Double tap detected
          id(tap_count) = 0;
          id(toggle_backlight).execute();
        } else {
          // Single tap - show IP address
          id(tap_count) = 1;
          id(ip_display_active) = true;
          id(ip_display_start_time) = now;
        }
        id(last_tap_time) = now;

# --- SPI & Display ---
spi:
  - id: lcd_spi
    clk_pin: GPIO48
    mosi_pin: GPIO47

display:
  - platform: st7701s
    id: screen
    update_interval: never
    auto_clear_enabled: false
    spi_id: lcd_spi
    spi_mode: MODE3
    data_rate: 2MHz
    color_order: RGB
    invert_colors: false
    dimensions:
      width: 480
      height: 480
    cs_pin: 39
    de_pin: 18
    hsync_pin: 16
    vsync_pin: 17
    pclk_pin: 21
    pclk_frequency: 16MHz
    pclk_inverted: false
    hsync_pulse_width: 8
    hsync_front_porch: 10
    hsync_back_porch: 20
    vsync_pulse_width: 8
    vsync_front_porch: 10
    vsync_back_porch: 10
    init_sequence:
      - 1
      - [0xFF, 0x77, 0x01, 0x00, 0x00, 0x10]
      - [0xCD, 0x00]
    data_pins:
      red: [11, 12, 13, 14, 0]
      green: [8, 20, 3, 46, 9, 10]
      blue: [4, 5, 6, 7, 15]

# --- LVGL ---
lvgl:
  id: lvgl_comp
  displays:
    - screen
  touchscreens:
    - touchscreen_id: my_touchscreen
  buffer_size: 15%
  color_depth: 16

  style_definitions:
    - id: sun_style
      bg_color: 0x${sun_background_color}
      text_color: 0xFFFFFF
      bg_opa: COVER
    - id: sleep_style
      bg_color: 0x${sleep_background_color}
      text_color: 0xFFFFFF
      bg_opa: COVER
    - id: time_style
      text_color: 0xAAAAAA
      text_font: lcd_time_font
      text_align: CENTER
    - id: time_style_sleep
      text_color: 0xD9D9D9
      text_font: lcd_time_font
      text_align: CENTER
    - id: startup_style
      bg_color: 0x000000
      text_color: 0xFFFFFF
      bg_opa: COVER
    - id: startup_text_style
      text_color: 0xFFFFFF
      text_font: lcd_time_font
      text_align: CENTER
  pages:
    - id: startup_page
      widgets:
        - obj:
            scrollable: False
            width: 100%
            height: 100%
            styles: [startup_style]
            widgets:
              - label:
                  id: startup_label
                  align: LEFT_MID
                  text_font: lcd_time_font
                  styles: [startup_text_style]
                  text: "Initializing..."
    - id: setup_page
      widgets:
        - obj:
            scrollable: False
            width: 100%
            height: 100%
            styles: [startup_style]
            widgets:
              - label:
                  id: setup_label_1
                  align: CENTER
                  y: -80
                  text_font: lcd_time_font_small
                  styles: [startup_text_style]
                  text: "Groclock setup"
              - label:
                  id: setup_label_2
                  align: CENTER
                  y: -40
                  text_font: lcd_time_font_small
                  styles: [startup_text_style]
                  text: "Connect to wifi:"
              - label:
                  id: setup_label_3
                  align: CENTER
                  y: 0
                  text_font: lcd_time_font_small
                  styles: [startup_text_style]
                  text: "${name} Fallback"
              - label:
                  id: setup_label_4
                  align: CENTER
                  y: 40
                  text_font: lcd_time_font_small
                  styles: [startup_text_style]
                  text: "visit:"
              - label:
                  id: setup_label_5
                  align: CENTER
                  y: 80
                  text_font: lcd_time_font_small
                  styles: [startup_text_style]
                  text: "http://192.168.4.1"
    - id: sun_page
      widgets:
        - obj:
            scrollable: False
            width: 100%
            height: 100%
            styles: [sun_style]
            widgets:
              - image:
                  id: sun_image_img
                  src: sun_image
                  align: CENTER
              - label:
                  id: time_label_sun
                  align: BOTTOM_RIGHT
                  y: 15
                  x: 0
                  text_font: lcd_time_font
                  styles: [time_style]
                  text: !lambda |-
                    if (id(sntp_time).now().is_valid()) {
                      char buf[16];
                      time_t now_ts = id(sntp_time).now().timestamp;
                      struct tm *tm_info = localtime(&now_ts);
                      strftime(buf, sizeof(buf), "%I:%M%p", tm_info);
                      return std::string(buf);
                    } else {
                      return std::string("--:--");
                    }
                  hidden: false
              - label:
                  id: ip_label_sun
                  align: TOP_LEFT
                  y: 1
                  x: 1
                  text_font: lcd_time_font_small
                  styles: [time_style]
                  text: "192.168.1.1"
                  hidden: true
    - id: sleep_page
      widgets:
        - obj:
            scrollable: False
            width: 100%
            height: 100%
            styles: [sleep_style]
            widgets:
              - label:
                  id: time_label_sleep
                  align: BOTTOM_MID
                  y: -40
                  text_font: lcd_time_font
                  styles: [time_style_sleep]
                  text: !lambda |-
                    if (id(sntp_time).now().is_valid()) {
                      char buf[16];
                      time_t now_ts = id(sntp_time).now().timestamp;
                      struct tm *tm_info = localtime(&now_ts);
                      strftime(buf, sizeof(buf), "%I:%M%p", tm_info);
                      return std::string(buf);
                    } else {
                      return std::string("--:--");
                    }
                  hidden: false
              - label:
                  id: ip_label_sleep
                  align: TOP_LEFT
                  y: 1
                  x: 1
                  text_font: lcd_time_font_small
                  styles: [time_style_sleep]
                  text: "192.168.1.1"
                  hidden: true
              - image:
                  id: star_image_img
                  src: star_image
                  align: CENTER
                  zoom: 0.75
              # 12 stars positioned in a circle (1pm position is star_0, clockwise)
              - label: { id: star_0,  align: CENTER, text_font: small_stars_font, text: "${star_icon}", x: 107, y: -186, hidden: false }  # 1pm
              - label: { id: star_1,  align: CENTER, text_font: small_stars_font, text: "${star_icon}", x: 186, y: -107, hidden: false }  # 2pm
              - label: { id: star_2,  align: CENTER, text_font: small_stars_font, text: "${star_icon}", x: 215, y: 0, hidden: false }     # 3pm
              - label: { id: star_3,  align: CENTER, text_font: small_stars_font, text: "${star_icon}", x: 186, y: 107, hidden: false }   # 4pm
              - label: { id: star_4,  align: CENTER, text_font: small_stars_font, text: "${star_icon}", x: 107, y: 186, hidden: false }   # 5pm
              - label: { id: star_5,  align: CENTER, text_font: small_stars_font, text: "${star_icon}", x: 0, y: 215, hidden: false }     # 6pm
              - label: { id: star_6,  align: CENTER, text_font: small_stars_font, text: "${star_icon}", x: -107, y: 186, hidden: false }  # 7pm
              - label: { id: star_7,  align: CENTER, text_font: small_stars_font, text: "${star_icon}", x: -186, y: 107, hidden: false }  # 8pm
              - label: { id: star_8,  align: CENTER, text_font: small_stars_font, text: "${star_icon}", x: -215, y: 0, hidden: false }    # 9pm
              - label: { id: star_9, align: CENTER, text_font: small_stars_font, text: "${star_icon}", x: -186, y: -107, hidden: false }  # 10pm
              - label: { id: star_10, align: CENTER, text_font: small_stars_font, text: "${star_icon}", x: -107, y: -186, hidden: false } # 11pm
              - label: { id: star_11,  align: CENTER, text_font: small_stars_font, text: "${star_icon}", x: 0, y: -215, hidden: false }   # 12pm





# --- Time ---
time:
  - platform: sntp
    id: sntp_time
    servers:
      - 0.pool.ntp.org
      - 1.pool.ntp.org
      - 2.pool.ntp.org

# --- Sensors ---
sensor:
  - platform: wifi_signal
    name: "WiFi Signal"
    id: wifi_signal_db
    update_interval: 60s
    entity_category: diagnostic
    internal: true
  - platform: uptime
    name: "Uptime"
    id: uptime_sensor
    entity_category: diagnostic
    web_server:
      sorting_group_id: diag_group

  # Reports the WiFi signal strength in %
  - platform: copy
    source_id: wifi_signal_db
    name: "WiFi Strength"
    filters:
      - lambda: return min(max(2 * (x + 100.0), 0.0), 100.0);
    unit_of_measurement: "%"
    entity_category: diagnostic
    web_server:
      sorting_group_id: diag_group

text_sensor:
  - platform: wifi_info
    ip_address:
      name: "IP Address"
      id: ip_address
      entity_category: diagnostic
      web_server:
        sorting_group_id: diag_group
    ssid:
      name: "Connected SSID"
      entity_category: diagnostic
      web_server:
        sorting_group_id: diag_group
    mac_address:
      name: "Mac Address"
      entity_category: diagnostic
      web_server:
        sorting_group_id: diag_group
  - platform: template
    name: "Device Current Time"
    icon: "mdi:clock"
    update_interval: 60s
    web_server:
      sorting_weight: 1
      sorting_group_id: time_group
    lambda: |-
      auto time = id(sntp_time).now();
      if (time.is_valid()) {
        time_t now_ts = time.timestamp;
        char buffer[16];
        strftime(buffer, sizeof(buffer), "%H:%M", localtime(&now_ts));
        return std::string(buffer);
      } else {
        return std::string("Waiting for NTP...");
      }

# --- Show Current Time on Device ---
select:
  - platform: template
    id: view_time
    name: Show Time
    optimistic: True
    restore_value: True
    options:
      - "Off"
      - "Digital"
    on_value: 
      then:
        - if:
            condition:
              lambda: 'return x == "Digital";'
            then:
              - lvgl.widget.show: time_label_sun
              - lvgl.widget.show: time_label_sleep
            else:
              - lvgl.widget.hide: time_label_sun
              - lvgl.widget.hide: time_label_sleep

# --- Datetime Pickers ---
datetime:
  - platform: template
    id: sleep_time_1
    name: Sleep Time 1
    type: time
    icon: "mdi:weather-night"
    entity_category: "Config"
    optimistic: true
    initial_value: { hour: 18, minute: 00, second: 00 }
    restore_value: true
    web_server:
      sorting_weight: 3
      sorting_group_id: time_group
    on_time:
      then:
        - script.execute: screen_sleep
  - platform: template
    id: wake_time_1
    name: Wake Time 1
    type: time
    icon: "mdi:weather-sunny"
    entity_category: "Config"
    optimistic: true
    initial_value: { hour: 7, minute: 00, second: 00 }
    restore_value: true
    web_server:
      sorting_weight: 4
      sorting_group_id: time_group
    on_time:
      then:
        - script.execute: screen_wake
  - platform: template
    id: sleep_time_2
    name: Sleep Time 2
    type: time
    icon: "mdi:weather-night"
    entity_category: "Config"
    optimistic: true
    initial_value: { hour: 18, minute: 00, second: 00 }
    restore_value: true
    web_server:
      sorting_weight: 6
      sorting_group_id: time_group
    on_time:
      - if:
          condition:
            switch.is_on: sleep_2_enable
          then:
            - script.execute: screen_sleep
  - platform: template
    id: wake_time_2
    name: Wake Time 2
    type: time
    icon: "mdi:weather-sunny"
    entity_category: "Config"
    optimistic: true
    initial_value: { hour: 7, minute: 00, second: 00 }
    restore_value: true
    web_server:
      sorting_weight: 7
      sorting_group_id: time_group
    on_time:
      - if:
          condition:
            switch.is_on: sleep_2_enable
          then:
            - script.execute: screen_wake
  - platform: template
    id: sleep_time_3
    name: Sleep Time 3
    type: time
    icon: "mdi:weather-night"
    entity_category: "Config"
    optimistic: true
    initial_value: { hour: 18, minute: 00, second: 00 }
    restore_value: true
    web_server:
      sorting_weight: 9
      sorting_group_id: time_group
    on_time:
      - if:
          condition:
            switch.is_on: sleep_3_enable
          then:
            - script.execute: screen_sleep
  - platform: template
    id: wake_time_3
    name: Wake Time 3
    type: time
    icon: "mdi:weather-sunny"
    entity_category: "Config"
    optimistic: true
    initial_value: { hour: 7, minute: 00, second: 00 }
    restore_value: true
    web_server:
      sorting_weight: 10
      sorting_group_id: time_group
    on_time:
      - if:
          condition:
            switch.is_on: sleep_3_enable
          then:
            - script.execute: screen_wake

# --- Interval for Star Timer, Time Updates, and Screen Off Timer ---
interval:
  - interval: 10s
    then:
      - logger.log: "Device is running - 10 second interval"
  - interval: 2s
    then:
      - lambda: |-
          // Startup sequence logic
          if (id(startup_phase) == "initializing") {
            // Animate the dots every 500ms
            auto now = millis();
            if (now - id(last_dot_update) >= 500) {
              id(last_dot_update) = now;
              id(init_dots_count) = (id(init_dots_count) + 1) % 4;
            }
            
            // Check if WiFi is connected
            if (!id(ip_address).get_state().empty() && 
                (id(ip_address).get_state().find("192.168.") != std::string::npos || 
                 id(ip_address).get_state().find("10.") != std::string::npos ||
                 id(ip_address).get_state().find("172.") != std::string::npos)) {
              id(startup_phase) = "connected";
              id(lvgl_comp).show_page(2, LV_SCR_LOAD_ANIM_NONE, 0);
            }
            // Check if fallback hotspot is active (no IP means hotspot mode)
            // Wait 30 seconds before showing setup page
            else if (id(ip_address).get_state().empty() && (millis() - id(startup_time)) >= 30000) {
              id(startup_phase) = "setup";
              id(lvgl_comp).show_page(1, LV_SCR_LOAD_ANIM_NONE, 0);
            }
          }
          else if (id(startup_phase) == "setup") {
            // Check if WiFi is now connected (user selected network)
            if (!id(ip_address).get_state().empty() && 
                (id(ip_address).get_state().find("192.168.") != std::string::npos || 
                 id(ip_address).get_state().find("10.") != std::string::npos ||
                 id(ip_address).get_state().find("172.") != std::string::npos)) {
              id(startup_phase) = "connected";
              id(lvgl_comp).show_page(2, LV_SCR_LOAD_ANIM_NONE, 0);
            }
          }
      - lvgl.label.update:
          id: startup_label
          text: !lambda |-
            std::string dots = "";
            for (int i = 0; i < id(init_dots_count); i++) {
              dots += ".";
            }
            return "Initializing" + dots;
      - lvgl.label.update:
          id: time_label_sun
          text: !lambda |-
            if (id(sntp_time).now().is_valid()) {
              char buf[16];
              time_t now_ts = id(sntp_time).now().timestamp;
              struct tm *tm_info = localtime(&now_ts);
              strftime(buf, sizeof(buf), "%I:%M%p", tm_info);
              return std::string(buf);
            } else {
              return std::string("--:--");
            }
      - lvgl.label.update:
          id: time_label_sleep
          text: !lambda |-
            if (id(sntp_time).now().is_valid()) {
              char buf[16];
              time_t now_ts = id(sntp_time).now().timestamp;
              struct tm *tm_info = localtime(&now_ts);
              strftime(buf, sizeof(buf), "%I:%M%p", tm_info);
              return std::string(buf);
            } else {
              return std::string("--:--");
            }
      - lambda: |-
          // Star countdown logic
          if (id(timer_running)) {
            auto now = id(sntp_time).now();
            if (!now.is_valid()) return;
            if (now.timestamp >= id(timer_wake_time)) {
              id(screen_wake).execute();
              return;
            }
            if (now.timestamp > id(timer_start_time)) {
              if (id(total_duration_sec) == 0) return;
              float elapsed = now.timestamp - id(timer_start_time);
              float time_per_star = id(total_duration_sec) / 12.0;
              int sections_passed = elapsed / time_per_star;
              if (sections_passed != id(last_sections_passed)) {
                id(last_sections_passed) = sections_passed;
                for (int i = 0; i < 12; ++i) {
                  id(star_visible)[i] = (i >= sections_passed);
                }
              }
            }
          }
          
          // Screen off timer logic
          if (id(screen_off_timer_active)) {
            auto now = id(sntp_time).now();
            if (!now.is_valid()) return;
            unsigned int delay_seconds = id(screen_off_delay).state * 3600;
            unsigned int target_time = id(wake_screen_start_time) + delay_seconds;
            if (now.timestamp >= target_time) {
              id(screen_off).execute();
            }
          }
          
          // IP display timer logic
          if (id(ip_display_active)) {
            auto now = millis();
            if (now - id(ip_display_start_time) >= 10000) {
              id(ip_display_active) = false;
            }
          }
      # Show/hide each star explicitly
      - if:
          condition:
            lambda: 'return id(star_visible)[0];'
          then:
            - lvgl.widget.show: star_0
          else:
            - lvgl.widget.hide: star_0
      - if:
          condition:
            lambda: 'return id(star_visible)[1];'
          then:
            - lvgl.widget.show: star_1
          else:
            - lvgl.widget.hide: star_1
      - if:
          condition:
            lambda: 'return id(star_visible)[2];'
          then:
            - lvgl.widget.show: star_2
          else:
            - lvgl.widget.hide: star_2
      - if:
          condition:
            lambda: 'return id(star_visible)[3];'
          then:
            - lvgl.widget.show: star_3
          else:
            - lvgl.widget.hide: star_3
      - if:
          condition:
            lambda: 'return id(star_visible)[4];'
          then:
            - lvgl.widget.show: star_4
          else:
            - lvgl.widget.hide: star_4
      - if:
          condition:
            lambda: 'return id(star_visible)[5];'
          then:
            - lvgl.widget.show: star_5
          else:
            - lvgl.widget.hide: star_5
      - if:
          condition:
            lambda: 'return id(star_visible)[6];'
          then:
            - lvgl.widget.show: star_6
          else:
            - lvgl.widget.hide: star_6
      - if:
          condition:
            lambda: 'return id(star_visible)[7];'
          then:
            - lvgl.widget.show: star_7
          else:
            - lvgl.widget.hide: star_7
      - if:
          condition:
            lambda: 'return id(star_visible)[8];'
          then:
            - lvgl.widget.show: star_8
          else:
            - lvgl.widget.hide: star_8
      - if:
          condition:
            lambda: 'return id(star_visible)[9];'
          then:
            - lvgl.widget.show: star_9
          else:
            - lvgl.widget.hide: star_9
      - if:
          condition:
            lambda: 'return id(star_visible)[10];'
          then:
            - lvgl.widget.show: star_10
          else:
            - lvgl.widget.hide: star_10
      - if:
          condition:
            lambda: 'return id(star_visible)[11];'
          then:
            - lvgl.widget.show: star_11
          else:
            - lvgl.widget.hide: star_11
      # Show/hide IP labels
      - if:
          condition:
            lambda: 'return id(ip_display_active);'
          then:
            - lambda: |-
                auto ip = id(ip_address).get_state();
                if (ip.empty()) {
                  ip = "No IP";
                }
            - lvgl.label.update:
                id: ip_label_sun
                text: !lambda "return id(ip_address).get_state().empty() ? std::string(\"No IP\") : id(ip_address).get_state();"
            - lvgl.label.update:
                id: ip_label_sleep
                text: !lambda "return id(ip_address).get_state().empty() ? std::string(\"No IP\") : id(ip_address).get_state();"
            - lvgl.widget.show: ip_label_sun
            - lvgl.widget.show: ip_label_sleep
            - logger.log: "Showing IP labels"
          else:
            - lvgl.widget.hide: ip_label_sun
            - lvgl.widget.hide: ip_label_sleep

# --- Scripts ---
script:
  - id: show_startup
    then:
      - lvgl.page.show: startup_page
      - logger.log: "Showing startup page"
      - lambda: |-
          id(startup_time) = millis();
  - id: screen_sleep
    then:
      - script.execute: start_timer
      - lvgl.page.show: sleep_page
      - light.turn_on:
          id: screen_brightness
          brightness: !lambda "return id(sleep_brightness).state / 100.0;"
      - lambda: |-
          id(screen_off_timer_active) = false;
          id(backlight_off) = false;
          id(current_page) = "sleep_page";
  - id: screen_wake
    then:
      - script.execute: stop_timer
      - lambda: |-
          // Only show sun page if not in startup phase
          if (id(startup_phase) != "initializing" && id(startup_phase) != "setup") {
            id(lvgl_comp).show_page(2, LV_SCR_LOAD_ANIM_NONE, 0);
            id(current_page) = "sun_page";
          }
      - light.turn_on:
          id: screen_brightness
          brightness: !lambda "return id(wake_brightness).state / 100.0;"
      - lambda: |-
          auto now = id(sntp_time).now();
          if (now.is_valid()) {
            id(wake_screen_start_time) = now.timestamp;
            id(screen_off_timer_active) = true;
          }
          id(backlight_off) = false;
  - id: screen_off
    then:
      - light.turn_off: screen_brightness
      - lambda: |-
          id(screen_off_timer_active) = false;
  - id: start_timer
    then:
      - lambda: |-
          auto now = id(sntp_time).now();
          if (!now.is_valid()) return;
          
          time_t current_ts = now.timestamp;
          struct tm *tm_now = localtime(&current_ts);
          int seconds_since_midnight_now = tm_now->tm_hour * 3600 + tm_now->tm_min * 60 + tm_now->tm_sec;
          unsigned int today_start_ts = current_ts - seconds_since_midnight_now;
          
          // Initialize with default timer 1 values
          unsigned int min_wake_ts = UINT_MAX;
          unsigned int selected_sleep_ts = 0;
          
          // Helper function to calculate next occurrence
          auto calculate_timestamps = [&](unsigned int sleep_sec, unsigned int wake_sec) -> std::pair<unsigned int, unsigned int> {
            unsigned int sleep_ts = today_start_ts + sleep_sec;
            unsigned int wake_ts = today_start_ts + wake_sec;
            if (wake_ts <= sleep_ts) wake_ts += 86400;
            if (sleep_ts < current_ts) {
              sleep_ts += 86400;
              wake_ts += 86400;
            }
            return {sleep_ts, wake_ts};
          };
          
          // Check Timer 1 (always active)
          auto [sleep_ts1, wake_ts1] = calculate_timestamps(
            id(sleep_time_1).hour*3600 + id(sleep_time_1).minute*60,
            id(wake_time_1).hour*3600 + id(wake_time_1).minute*60
          );
          if (wake_ts1 < min_wake_ts) {
            min_wake_ts = wake_ts1;
            selected_sleep_ts = sleep_ts1;
          }
          
          // Check Timer 2 if enabled
          if (id(sleep_2_enable).state) {
            auto [sleep_ts2, wake_ts2] = calculate_timestamps(
              id(sleep_time_2).hour*3600 + id(sleep_time_2).minute*60,
              id(wake_time_2).hour*3600 + id(wake_time_2).minute*60
            );
            if (wake_ts2 < min_wake_ts) {
              min_wake_ts = wake_ts2;
              selected_sleep_ts = sleep_ts2;
            }
          }
          
          // Check Timer 3 if enabled
          if (id(sleep_3_enable).state) {
            auto [sleep_ts3, wake_ts3] = calculate_timestamps(
              id(sleep_time_3).hour*3600 + id(sleep_time_3).minute*60,
              id(wake_time_3).hour*3600 + id(wake_time_3).minute*60
            );
            if (wake_ts3 < min_wake_ts) {
              min_wake_ts = wake_ts3;
              selected_sleep_ts = sleep_ts3;
            }
          }
          
          // Apply soonest wake time
          if (min_wake_ts != UINT_MAX) {
            id(total_duration_sec) = min_wake_ts - selected_sleep_ts;
            id(timer_start_time) = selected_sleep_ts;
            id(timer_wake_time) = min_wake_ts;
            id(timer_running) = true;
            id(last_sections_passed) = -1;
            for (int i = 0; i < 12; ++i) {
              id(star_visible)[i] = true;
            }
          }
  - id: stop_timer
    then:
      - lambda: |-
          id(timer_running) = false;
          for (int i = 0; i < 12; ++i) {
            id(star_visible)[i] = false;
          }
  - id: toggle_backlight
    then:
      - lambda: |-
          if (id(backlight_off)) {
            // Turn backlight on
            id(backlight_off) = false;
          } else {
            // Turn backlight off
            id(backlight_off) = true;
          }
      - if:
          condition:
            lambda: 'return id(backlight_off);'
          then:
            - light.turn_off: screen_brightness
          else:
            - light.turn_on:
                id: screen_brightness
                brightness: !lambda "return id(wake_brightness).state / 100.0;"

# --- Brightness Controls ---
output:
  # Backlight LED
  - platform: ledc
    pin: GPIO38
    id: GPIO38
    frequency: 100Hz
    min_power: 0.0
    max_power: 1.0

light:
  - platform: monochromatic
    output: GPIO38
    name: Screen Brightness
    id: screen_brightness
    restore_mode: ALWAYS_ON
    internal: True

# --- Brightness Sliders ---
number:
  - platform: template
    name: "Current Screen Brightness"
    id: current_brightness
    min_value: 0
    max_value: 100
    step: 1
    lambda: |-
      return id(screen_brightness).current_values.get_brightness() * 100.0;
    set_action:
      then:
        - light.turn_on:
            id: screen_brightness
            brightness: !lambda "return x / 100.0;"
    web_server:
      sorting_weight: 1
      sorting_group_id: brightness_group
  - platform: template
    name: "Sleep Screen Brightness"
    id: sleep_brightness
    optimistic: True
    min_value: 0
    max_value: 100
    step: 1
    restore_value: True
    initial_value: 30
    web_server:
      sorting_weight: 2
      sorting_group_id: brightness_group
  - platform: template
    name: "Wake Screen Brightness"
    id: wake_brightness
    optimistic: True
    min_value: 0
    max_value: 100
    step: 1
    restore_value: True
    initial_value: 100
    web_server:
      sorting_weight: 3
      sorting_group_id: brightness_group
  - platform: template
    name: "Screen Off Delay (Hours)"
    id: screen_off_delay
    optimistic: True
    min_value: 0.5
    max_value: 24
    step: 0.5
    restore_value: True
    initial_value: 0.5
    web_server:
      sorting_weight: 4
      sorting_group_id: brightness_group

switch:
  - platform: restart
    name: "Restart Device"
    id: restart_switch
    entity_category: diagnostic
    web_server:
      sorting_group_id: diag_group
  - platform: template
    name: Sleep 2 Enabled
    id: sleep_2_enable
    optimistic: True
    restore_mode: RESTORE_DEFAULT_OFF
    web_server:
      sorting_weight: 5
      sorting_group_id: time_group
  - platform: template
    name: Sleep 3 Enabled
    id: sleep_3_enable
    optimistic: True
    restore_mode: RESTORE_DEFAULT_OFF
    web_server:
      sorting_weight: 8
      sorting_group_id: time_group
